
Microsoft Visual Studio Solution File, Format Version 12.00
# Visual Studio 15
VisualStudioVersion = 15.0.27130.0
MinimumVisualStudioVersion = 10.0.40219.1
Project("{9A19103F-16F7-4668-BE54-9A1E7A4F7556}") = "Grep.Core.Console", "Grep.Core.Console\Grep.Core.Console.csproj", "{22461F73-CEA3-4D9B-B08F-0CA889E11E30}"
EndProject
Project("{9A19103F-16F7-4668-BE54-9A1E7A4F7556}") = "Grep.Core", "Grep.Core\Grep.Core.csproj", "{7B64810F-F599-4F50-ACDD-3243663DDEE1}"
EndProject
Project("{9A19103F-16F7-4668-BE54-9A1E7A4F7556}") = "Grep.Core.Tests", "Grep.Core.Tests\Grep.Core.Tests.csproj", "{AE8D65FA-CF82-4FF9-B7BD-84D768FBC2A9}"
EndProject
Global
	GlobalSection(SolutionConfigurationPlatforms) = preSolution
		Debug|Any CPU = Debug|Any CPU
		Release|Any CPU = Release|Any CPU
	EndGlobalSection
	GlobalSection(ProjectConfigurationPlatforms) = postSolution
		{22461F73-CEA3-4D9B-B08F-0CA889E11E30}.Debug|Any CPU.ActiveCfg = Debug|Any CPU
		{22461F73-CEA3-4D9B-B08F-0CA889E11E30}.Debug|Any CPU.Build.0 = Debug|Any CPU
		{22461F73-CEA3-4D9B-B08F-0CA889E11E30}.Release|Any CPU.ActiveCfg = Release|Any CPU
		{22461F73-CEA3-4D9B-B08F-0CA889E11E30}.Release|Any CPU.Build.0 = Release|Any CPU
		{7B64810F-F599-4F50-ACDD-3243663DDEE1}.Debug|Any CPU.ActiveCfg = Debug|Any CPU
		{7B64810F-F599-4F50-ACDD-3243663DDEE1}.Debug|Any CPU.Build.0 = Debug|Any CPU
		{7B64810F-F599-4F50-ACDD-3243663DDEE1}.Release|Any CPU.ActiveCfg = Release|Any CPU
		{7B64810F-F599-4F50-ACDD-3243663DDEE1}.Release|Any CPU.Build.0 = Release|Any CPU
		{AE8D65FA-CF82-4FF9-B7BD-84D768FBC2A9}.Debug|Any CPU.ActiveCfg = Debug|Any CPU
		{AE8D65FA-CF82-4FF9-B7BD-84D768FBC2A9}.Debug|Any CPU.Build.0 = Debug|Any CPU
		{AE8D65FA-CF82-4FF9-B7BD-84D768FBC2A9}.Release|Any CPU.ActiveCfg = Release|Any CPU
		{AE8D65FA-CF82-4FF9-B7BD-84D768FBC2A9}.Release|Any CPU.Build.0 = Release|Any CPU
	EndGlobalSection
	GlobalSection(SolutionProperties) = preSolution
		HideSolutionNode = FALSE
	EndGlobalSection
	GlobalSection(ExtensibilityGlobals) = postSolution
		SolutionGuid = {09131929-FEA3-4FD0-A8E4-7FE2D504470E}
	EndGlobalSection
	GlobalSection(ExtensibilityGlobals) = postSolution
		SolutionGuid = {09131929-FEA3-4FD0-A8E4-7FE2D504470E}
	EndGlobalSection
	GlobalSection(ExtensibilityGlobals) = postSolution
		SolutionGuid = {09131929-FEA3-4FD0-A8E4-7FE2D504470E}
	EndGlobalSection
EndGlobal
